
Microsoft Visual Studio Solution File, Format Version 12.00
# Visual Studio 15
VisualStudioVersion = 15.0.28010.2036
MinimumVisualStudioVersion = 10.0.40219.1
Project("{E24C65DC-7377-472B-9ABA-BC803B73C61A}") = "SPV_Share_Experts", "SPV_Share_Experts\", "{82E0F304-302C-4809-BEC7-9D940240FA1D}"
	ProjectSection(WebsiteProperties) = preProject
		TargetFrameworkMoniker = ".NETFramework,Version%3Dv4.6.1"
		Debug.AspNetCompiler.VirtualPath = "/localhost_56863"
		Debug.AspNetCompiler.PhysicalPath = "SPV_Share_Experts\"
		Debug.AspNetCompiler.TargetPath = "PrecompiledWeb\localhost_56863\"
		Debug.AspNetCompiler.Updateable = "true"
		Debug.AspNetCompiler.ForceOverwrite = "true"
		Debug.AspNetCompiler.FixedNames = "false"
		Debug.AspNetCompiler.Debug = "True"
		Release.AspNetCompiler.VirtualPath = "/localhost_56863"
		Release.AspNetCompiler.PhysicalPath = "SPV_Share_Experts\"
		Release.AspNetCompiler.TargetPath = "PrecompiledWeb\localhost_56863\"
		Release.AspNetCompiler.Updateable = "true"
		Release.AspNetCompiler.ForceOverwrite = "true"
		Release.AspNetCompiler.FixedNames = "false"
		Release.AspNetCompiler.Debug = "False"
		VWDPort = "56863"
		SlnRelativePath = "SPV_Share_Experts\"
		DefaultWebSiteLanguage = "Visual C#"
	EndProjectSection
EndProject
Global
	GlobalSection(SolutionConfigurationPlatforms) = preSolution
		Debug|Any CPU = Debug|Any CPU
	EndGlobalSection
	GlobalSection(ProjectConfigurationPlatforms) = postSolution
		{82E0F304-302C-4809-BEC7-9D940240FA1D}.Debug|Any CPU.ActiveCfg = Debug|Any CPU
		{82E0F304-302C-4809-BEC7-9D940240FA1D}.Debug|Any CPU.Build.0 = Debug|Any CPU
	EndGlobalSection
	GlobalSection(SolutionProperties) = preSolution
		HideSolutionNode = FALSE
	EndGlobalSection
	GlobalSection(ExtensibilityGlobals) = postSolution
		SolutionGuid = {6FE5C996-0AE9-4BFC-80E3-2D071EB1DA9A}
	EndGlobalSection
EndGlobal
